# This file is generated by running "yarn install" inside your project.
# Manual changes might be lost - proceed with caution!

__metadata:
  version: 8
  cacheKey: 10c0

"@tsconfig/node20@npm:^20.1.4":
  version: 20.1.4
  resolution: "@tsconfig/node20@npm:20.1.4"
  checksum: 10c0/239cd6abaceaaffc758e7a9dd3748ec1acfdabd6de28a9a16a3824c21f17ad69a16184870298460345d2fb6f3663d092c21d5b764bef669a179658b4a7eac739
  languageName: node
  linkType: hard

"@types/node@npm:^22.7.6":
  version: 22.7.6
  resolution: "@types/node@npm:22.7.6"
  dependencies:
    undici-types: "npm:~6.19.2"
  checksum: 10c0/d4406a63afce981c363fb1d1954aaf1759ad2d487c0833ebf667565ea4e45ff217d6fab4b5343badbdeccdf9d2e4a0841d633e0c929ceabcb33c288663dd0c73
  languageName: node
  linkType: hard

"drizzle-orm@npm:^0.35.2":
  version: 0.35.2
  resolution: "drizzle-orm@npm:0.35.2"
  peerDependencies:
    "@aws-sdk/client-rds-data": ">=3"
    "@cloudflare/workers-types": ">=3"
    "@electric-sql/pglite": ">=0.1.1"
    "@libsql/client": ">=0.10.0"
    "@neondatabase/serverless": ">=0.1"
    "@op-engineering/op-sqlite": ">=2"
    "@opentelemetry/api": ^1.4.1
    "@planetscale/database": ">=1"
    "@prisma/client": "*"
    "@tidbcloud/serverless": "*"
    "@types/better-sqlite3": "*"
    "@types/pg": "*"
    "@types/react": ">=18"
    "@types/sql.js": "*"
    "@vercel/postgres": ">=0.8.0"
    "@xata.io/client": "*"
    better-sqlite3: ">=7"
    bun-types: "*"
    expo-sqlite: ">=13.2.0"
    knex: "*"
    kysely: "*"
    mysql2: ">=2"
    pg: ">=8"
    postgres: ">=3"
    react: ">=18"
    sql.js: ">=1"
    sqlite3: ">=5"
  peerDependenciesMeta:
    "@aws-sdk/client-rds-data":
      optional: true
    "@cloudflare/workers-types":
      optional: true
    "@electric-sql/pglite":
      optional: true
    "@libsql/client":
      optional: true
    "@neondatabase/serverless":
      optional: true
    "@op-engineering/op-sqlite":
      optional: true
    "@opentelemetry/api":
      optional: true
    "@planetscale/database":
      optional: true
    "@prisma/client":
      optional: true
    "@tidbcloud/serverless":
      optional: true
    "@types/better-sqlite3":
      optional: true
    "@types/pg":
      optional: true
    "@types/react":
      optional: true
    "@types/sql.js":
      optional: true
    "@vercel/postgres":
      optional: true
    "@xata.io/client":
      optional: true
    better-sqlite3:
      optional: true
    bun-types:
      optional: true
    expo-sqlite:
      optional: true
    knex:
      optional: true
    kysely:
      optional: true
    mysql2:
      optional: true
    pg:
      optional: true
    postgres:
      optional: true
    prisma:
      optional: true
    react:
      optional: true
    sql.js:
      optional: true
    sqlite3:
      optional: true
  checksum: 10c0/579f0ace82b2b72bb295fd4eed2bbaf7e7c81fe0c717044f8cb9d2346a6a1246fbd7dddb253faa1f21a04e46b24235fd8ec61b7e515f4beae32ce1f91159cdd1
  languageName: node
  linkType: hard

"drizzle-zod@npm:^0.5.1":
  version: 0.5.1
  resolution: "drizzle-zod@npm:0.5.1"
  peerDependencies:
    drizzle-orm: ">=0.23.13"
    zod: "*"
  checksum: 10c0/3015d195c9e52686afcfbe458386371f1c4eff0c426ff92cb9b28d1ac899bedd95aeefe13c2cb8d71d5355f0c90029c21c0bf15562958b3f3d4024e6e20d5cba
  languageName: node
  linkType: hard

"node@workspace:.":
  version: 0.0.0-use.local
  resolution: "node@workspace:."
  dependencies:
    "@tsconfig/node20": "npm:^20.1.4"
    "@types/node": "npm:^22.7.6"
    drizzle-orm: "npm:^0.35.2"
    drizzle-zod: "npm:^0.5.1"
    prettier: "npm:3.3.3"
    typescript: "npm:^5.6.3"
    zod: "npm:^3.23.8"
  languageName: unknown
  linkType: soft

"prettier@npm:3.3.3":
  version: 3.3.3
  resolution: "prettier@npm:3.3.3"
  bin:
    prettier: bin/prettier.cjs
  checksum: 10c0/b85828b08e7505716324e4245549b9205c0cacb25342a030ba8885aba2039a115dbcf75a0b7ca3b37bc9d101ee61fab8113fc69ca3359f2a226f1ecc07ad2e26
  languageName: node
  linkType: hard

"typescript@npm:^5.6.3":
  version: 5.6.3
  resolution: "typescript@npm:5.6.3"
  bin:
    tsc: bin/tsc
    tsserver: bin/tsserver
  checksum: 10c0/44f61d3fb15c35359bc60399cb8127c30bae554cd555b8e2b46d68fa79d680354b83320ad419ff1b81a0bdf324197b29affe6cc28988cd6a74d4ac60c94f9799
  languageName: node
  linkType: hard

"typescript@patch:typescript@npm%3A^5.6.3#optional!builtin<compat/typescript>":
  version: 5.6.3
  resolution: "typescript@patch:typescript@npm%3A5.6.3#optional!builtin<compat/typescript>::version=5.6.3&hash=8c6c40"
  bin:
    tsc: bin/tsc
    tsserver: bin/tsserver
  checksum: 10c0/7c9d2e07c81226d60435939618c91ec2ff0b75fbfa106eec3430f0fcf93a584bc6c73176676f532d78c3594fe28a54b36eb40b3d75593071a7ec91301533ace7
  languageName: node
  linkType: hard

"undici-types@npm:~6.19.2":
  version: 6.19.8
  resolution: "undici-types@npm:6.19.8"
  checksum: 10c0/078afa5990fba110f6824823ace86073b4638f1d5112ee26e790155f481f2a868cc3e0615505b6f4282bdf74a3d8caad715fd809e870c2bb0704e3ea6082f344
  languageName: node
  linkType: hard

"zod@npm:^3.23.8":
  version: 3.23.8
  resolution: "zod@npm:3.23.8"
  checksum: 10c0/8f14c87d6b1b53c944c25ce7a28616896319d95bc46a9660fe441adc0ed0a81253b02b5abdaeffedbeb23bdd25a0bf1c29d2c12dd919aef6447652dd295e3e69
  languageName: node
  linkType: hard
